
Microsoft Visual Studio Solution File, Format Version 12.00
# Visual Studio Version 17
VisualStudioVersion = 17.9.34607.119
MinimumVisualStudioVersion = 10.0.40219.1
Project("{FAE04EC0-301F-11D3-BF4B-00C04F79EFBC}") = "JuegoDeGuerraCartas", "JuegoDeGuerraCartas\JuegoDeGuerraCartas.csproj", "{ECCD818C-FBB1-45B4-8D06-CB14E68F86C4}"
EndProject
Project("{9A19103F-16F7-4668-BE54-9A1E7A4F7556}") = "EstructurasDeDatos", "EstructurasDeDatos\EstructurasDeDatos.csproj", "{9CE859A5-1183-4410-B5F4-2337B4C3A31B}"
EndProject
Global
	GlobalSection(SolutionConfigurationPlatforms) = preSolution
		Debug|Any CPU = Debug|Any CPU
		Release|Any CPU = Release|Any CPU
	EndGlobalSection
	GlobalSection(ProjectConfigurationPlatforms) = postSolution
		{ECCD818C-FBB1-45B4-8D06-CB14E68F86C4}.Debug|Any CPU.ActiveCfg = Debug|Any CPU
		{ECCD818C-FBB1-45B4-8D06-CB14E68F86C4}.Debug|Any CPU.Build.0 = Debug|Any CPU
		{ECCD818C-FBB1-45B4-8D06-CB14E68F86C4}.Release|Any CPU.ActiveCfg = Release|Any CPU
		{ECCD818C-FBB1-45B4-8D06-CB14E68F86C4}.Release|Any CPU.Build.0 = Release|Any CPU
		{9CE859A5-1183-4410-B5F4-2337B4C3A31B}.Debug|Any CPU.ActiveCfg = Debug|Any CPU
		{9CE859A5-1183-4410-B5F4-2337B4C3A31B}.Debug|Any CPU.Build.0 = Debug|Any CPU
		{9CE859A5-1183-4410-B5F4-2337B4C3A31B}.Release|Any CPU.ActiveCfg = Release|Any CPU
		{9CE859A5-1183-4410-B5F4-2337B4C3A31B}.Release|Any CPU.Build.0 = Release|Any CPU
	EndGlobalSection
	GlobalSection(SolutionProperties) = preSolution
		HideSolutionNode = FALSE
	EndGlobalSection
	GlobalSection(ExtensibilityGlobals) = postSolution
		SolutionGuid = {136AE7CD-49C5-4EE1-ADFB-9DCAD151BB54}
	EndGlobalSection
EndGlobal
