
Microsoft Visual Studio Solution File, Format Version 12.00
# Visual Studio Version 17
VisualStudioVersion = 17.8.34525.116
MinimumVisualStudioVersion = 10.0.40219.1
Project("{9A19103F-16F7-4668-BE54-9A1E7A4F7556}") = "TorneoRepasoPOO", "TorneoRepasoPOO\TorneoRepasoPOO.csproj", "{82D40E25-776D-4114-99B7-6C6CD46FB8EA}"
EndProject
Project("{9A19103F-16F7-4668-BE54-9A1E7A4F7556}") = "CapaEntidades", "CapaEntidades\CapaEntidades.csproj", "{04529C63-F3E8-48BD-A2B1-A1A941D67D58}"
EndProject
Project("{FAE04EC0-301F-11D3-BF4B-00C04F79EFBC}") = "CapaLogicaDeNegocio", "CapaLogicaDeNegocio\CapaLogicaDeNegocio.csproj", "{F78B5B75-D6A0-4387-B48D-674B62A38624}"
EndProject
Global
	GlobalSection(SolutionConfigurationPlatforms) = preSolution
		Debug|Any CPU = Debug|Any CPU
		Release|Any CPU = Release|Any CPU
	EndGlobalSection
	GlobalSection(ProjectConfigurationPlatforms) = postSolution
		{82D40E25-776D-4114-99B7-6C6CD46FB8EA}.Debug|Any CPU.ActiveCfg = Debug|Any CPU
		{82D40E25-776D-4114-99B7-6C6CD46FB8EA}.Debug|Any CPU.Build.0 = Debug|Any CPU
		{82D40E25-776D-4114-99B7-6C6CD46FB8EA}.Release|Any CPU.ActiveCfg = Release|Any CPU
		{82D40E25-776D-4114-99B7-6C6CD46FB8EA}.Release|Any CPU.Build.0 = Release|Any CPU
		{04529C63-F3E8-48BD-A2B1-A1A941D67D58}.Debug|Any CPU.ActiveCfg = Debug|Any CPU
		{04529C63-F3E8-48BD-A2B1-A1A941D67D58}.Debug|Any CPU.Build.0 = Debug|Any CPU
		{04529C63-F3E8-48BD-A2B1-A1A941D67D58}.Release|Any CPU.ActiveCfg = Release|Any CPU
		{04529C63-F3E8-48BD-A2B1-A1A941D67D58}.Release|Any CPU.Build.0 = Release|Any CPU
		{F78B5B75-D6A0-4387-B48D-674B62A38624}.Debug|Any CPU.ActiveCfg = Debug|Any CPU
		{F78B5B75-D6A0-4387-B48D-674B62A38624}.Debug|Any CPU.Build.0 = Debug|Any CPU
		{F78B5B75-D6A0-4387-B48D-674B62A38624}.Release|Any CPU.ActiveCfg = Release|Any CPU
		{F78B5B75-D6A0-4387-B48D-674B62A38624}.Release|Any CPU.Build.0 = Release|Any CPU
	EndGlobalSection
	GlobalSection(SolutionProperties) = preSolution
		HideSolutionNode = FALSE
	EndGlobalSection
	GlobalSection(ExtensibilityGlobals) = postSolution
		SolutionGuid = {231AC745-8660-4B83-882A-18A19BF8AD4B}
	EndGlobalSection
EndGlobal
